
Microsoft Visual Studio Solution File, Format Version 12.00
# Visual Studio Version 17
VisualStudioVersion = 17.9.34616.47
MinimumVisualStudioVersion = 10.0.40219.1
Project("{9A19103F-16F7-4668-BE54-9A1E7A4F7556}") = "Cinema Web", "Cinema Web.csproj", "{2F97D217-7B99-4882-9F7C-D7B981849119}"
EndProject
Project("{FAE04EC0-301F-11D3-BF4B-00C04F79EFBC}") = "Identity Service", "Identity Service\Identity Service.csproj", "{4D74A7D3-EE27-444F-954D-BB0D5EFB4990}"
EndProject
Global
	GlobalSection(SolutionConfigurationPlatforms) = preSolution
		Debug|Any CPU = Debug|Any CPU
		Release|Any CPU = Release|Any CPU
	EndGlobalSection
	GlobalSection(ProjectConfigurationPlatforms) = postSolution
		{2F97D217-7B99-4882-9F7C-D7B981849119}.Debug|Any CPU.ActiveCfg = Debug|Any CPU
		{2F97D217-7B99-4882-9F7C-D7B981849119}.Debug|Any CPU.Build.0 = Debug|Any CPU
		{2F97D217-7B99-4882-9F7C-D7B981849119}.Release|Any CPU.ActiveCfg = Release|Any CPU
		{2F97D217-7B99-4882-9F7C-D7B981849119}.Release|Any CPU.Build.0 = Release|Any CPU
		{4D74A7D3-EE27-444F-954D-BB0D5EFB4990}.Debug|Any CPU.ActiveCfg = Debug|Any CPU
		{4D74A7D3-EE27-444F-954D-BB0D5EFB4990}.Debug|Any CPU.Build.0 = Debug|Any CPU
		{4D74A7D3-EE27-444F-954D-BB0D5EFB4990}.Release|Any CPU.ActiveCfg = Release|Any CPU
		{4D74A7D3-EE27-444F-954D-BB0D5EFB4990}.Release|Any CPU.Build.0 = Release|Any CPU
	EndGlobalSection
	GlobalSection(SolutionProperties) = preSolution
		HideSolutionNode = FALSE
	EndGlobalSection
	GlobalSection(ExtensibilityGlobals) = postSolution
		SolutionGuid = {36F25E70-82A4-4E05-ADD9-04290DA02593}
	EndGlobalSection
EndGlobal
